// !$*UTF8*$!
{
	archiveVersion = 1;
	classes = {
	};
	objectVersion = 46;
	objects = {

/* Begin PBXBuildFile section */
		FD26253F1EAC7B9A00C64652 /* BezierKit_iOS.h in Headers */ = {isa = PBXBuildFile; fileRef = FD26253D1EAC7B9A00C64652 /* BezierKit_iOS.h */; settings = {ATTRIBUTES = (Public, ); }; };
		FD4A0DC41EAAD01F0031A393 /* BezierKit_Mac.h in Headers */ = {isa = PBXBuildFile; fileRef = FD4A0DC21EAAD01F0031A393 /* BezierKit_Mac.h */; settings = {ATTRIBUTES = (Public, ); }; };
		FD4A0E0E1EAC794B0031A393 /* BezierKit.framework in Frameworks */ = {isa = PBXBuildFile; fileRef = FD4A0DC01EAAD01F0031A393 /* BezierKit.framework */; };
		FD4A0E0F1EAC794B0031A393 /* BezierKit.framework in Embed Frameworks */ = {isa = PBXBuildFile; fileRef = FD4A0DC01EAAD01F0031A393 /* BezierKit.framework */; settings = {ATTRIBUTES = (CodeSignOnCopy, RemoveHeadersOnCopy, ); }; };
		FDA727591ED5035300011871 /* CubicBezierCurveTests.swift in Sources */ = {isa = PBXBuildFile; fileRef = FDA727581ED5035300011871 /* CubicBezierCurveTests.swift */; };
		FDA7275A1ED5035300011871 /* CubicBezierCurveTests.swift in Sources */ = {isa = PBXBuildFile; fileRef = FDA727581ED5035300011871 /* CubicBezierCurveTests.swift */; };
		FDB6B4021EAFD6DF00001C61 /* BezierCurve.swift in Sources */ = {isa = PBXBuildFile; fileRef = FDB6B3F71EAFD6DF00001C61 /* BezierCurve.swift */; };
		FDB6B4031EAFD6DF00001C61 /* BezierCurve.swift in Sources */ = {isa = PBXBuildFile; fileRef = FDB6B3F71EAFD6DF00001C61 /* BezierCurve.swift */; };
		FDB6B4041EAFD6DF00001C61 /* CubicBezierCurve.swift in Sources */ = {isa = PBXBuildFile; fileRef = FDB6B3F81EAFD6DF00001C61 /* CubicBezierCurve.swift */; };
		FDB6B4051EAFD6DF00001C61 /* CubicBezierCurve.swift in Sources */ = {isa = PBXBuildFile; fileRef = FDB6B3F81EAFD6DF00001C61 /* CubicBezierCurve.swift */; };
		FDB6B4061EAFD6DF00001C61 /* Draw.swift in Sources */ = {isa = PBXBuildFile; fileRef = FDB6B3F91EAFD6DF00001C61 /* Draw.swift */; };
		FDB6B4071EAFD6DF00001C61 /* Draw.swift in Sources */ = {isa = PBXBuildFile; fileRef = FDB6B3F91EAFD6DF00001C61 /* Draw.swift */; };
		FDB6B4081EAFD6DF00001C61 /* Foundation-Interop.swift in Sources */ = {isa = PBXBuildFile; fileRef = FDB6B3FA1EAFD6DF00001C61 /* Foundation-Interop.swift */; };
		FDB6B4091EAFD6DF00001C61 /* Foundation-Interop.swift in Sources */ = {isa = PBXBuildFile; fileRef = FDB6B3FA1EAFD6DF00001C61 /* Foundation-Interop.swift */; };
		FDB6B40A1EAFD6DF00001C61 /* Normed.swift in Sources */ = {isa = PBXBuildFile; fileRef = FDB6B3FB1EAFD6DF00001C61 /* Normed.swift */; };
		FDB6B40B1EAFD6DF00001C61 /* Normed.swift in Sources */ = {isa = PBXBuildFile; fileRef = FDB6B3FB1EAFD6DF00001C61 /* Normed.swift */; };
		FDB6B40C1EAFD6DF00001C61 /* Point.swift in Sources */ = {isa = PBXBuildFile; fileRef = FDB6B3FC1EAFD6DF00001C61 /* Point.swift */; };
		FDB6B40D1EAFD6DF00001C61 /* Point.swift in Sources */ = {isa = PBXBuildFile; fileRef = FDB6B3FC1EAFD6DF00001C61 /* Point.swift */; };
		FDB6B40E1EAFD6DF00001C61 /* PolyBezier.swift in Sources */ = {isa = PBXBuildFile; fileRef = FDB6B3FD1EAFD6DF00001C61 /* PolyBezier.swift */; };
		FDB6B40F1EAFD6DF00001C61 /* PolyBezier.swift in Sources */ = {isa = PBXBuildFile; fileRef = FDB6B3FD1EAFD6DF00001C61 /* PolyBezier.swift */; };
		FDB6B4101EAFD6DF00001C61 /* QuadraticBezierCurve.swift in Sources */ = {isa = PBXBuildFile; fileRef = FDB6B3FE1EAFD6DF00001C61 /* QuadraticBezierCurve.swift */; };
		FDB6B4111EAFD6DF00001C61 /* QuadraticBezierCurve.swift in Sources */ = {isa = PBXBuildFile; fileRef = FDB6B3FE1EAFD6DF00001C61 /* QuadraticBezierCurve.swift */; };
		FDB6B4121EAFD6DF00001C61 /* Types.swift in Sources */ = {isa = PBXBuildFile; fileRef = FDB6B3FF1EAFD6DF00001C61 /* Types.swift */; };
		FDB6B4131EAFD6DF00001C61 /* Types.swift in Sources */ = {isa = PBXBuildFile; fileRef = FDB6B3FF1EAFD6DF00001C61 /* Types.swift */; };
		FDB6B4141EAFD6DF00001C61 /* Utils.swift in Sources */ = {isa = PBXBuildFile; fileRef = FDB6B4001EAFD6DF00001C61 /* Utils.swift */; };
		FDB6B4151EAFD6DF00001C61 /* Utils.swift in Sources */ = {isa = PBXBuildFile; fileRef = FDB6B4001EAFD6DF00001C61 /* Utils.swift */; };
		FDB6B4161EAFD6DF00001C61 /* VectorSpace.swift in Sources */ = {isa = PBXBuildFile; fileRef = FDB6B4011EAFD6DF00001C61 /* VectorSpace.swift */; };
		FDB6B4171EAFD6DF00001C61 /* VectorSpace.swift in Sources */ = {isa = PBXBuildFile; fileRef = FDB6B4011EAFD6DF00001C61 /* VectorSpace.swift */; };
		FDB6B42F1EAFD6F200001C61 /* AppDelegate.swift in Sources */ = {isa = PBXBuildFile; fileRef = FDB6B4191EAFD6E600001C61 /* AppDelegate.swift */; };
		FDB6B4301EAFD6F600001C61 /* Assets.xcassets in Resources */ = {isa = PBXBuildFile; fileRef = FDB6B41A1EAFD6E600001C61 /* Assets.xcassets */; };
		FDB6B4311EAFD6F900001C61 /* MainMenu.xib in Resources */ = {isa = PBXBuildFile; fileRef = FDB6B41B1EAFD6E600001C61 /* MainMenu.xib */; };
		FDB6B4321EAFD6FD00001C61 /* Demos.swift in Sources */ = {isa = PBXBuildFile; fileRef = FDB6B41D1EAFD6E600001C61 /* Demos.swift */; };
		FDB6B4331EAFD6FF00001C61 /* DemoView.swift in Sources */ = {isa = PBXBuildFile; fileRef = FDB6B41E1EAFD6E600001C61 /* DemoView.swift */; };
		FDB6B4341EAFD70200001C61 /* Draggable.swift in Sources */ = {isa = PBXBuildFile; fileRef = FDB6B41F1EAFD6E600001C61 /* Draggable.swift */; };
		FDB9D7331EB28CEB00413F0E /* BezierKit_iOSTests.swift in Sources */ = {isa = PBXBuildFile; fileRef = FDB9D7321EB28CEB00413F0E /* BezierKit_iOSTests.swift */; };
		FDB9D7351EB28CEB00413F0E /* BezierKit.framework in Frameworks */ = {isa = PBXBuildFile; fileRef = FD26253B1EAC7B9A00C64652 /* BezierKit.framework */; };
		FDB9D7421EB28D1900413F0E /* BezierKit_MacTests.swift in Sources */ = {isa = PBXBuildFile; fileRef = FDB9D7411EB28D1900413F0E /* BezierKit_MacTests.swift */; };
		FDB9D7441EB28D1900413F0E /* BezierKit.framework in Frameworks */ = {isa = PBXBuildFile; fileRef = FD4A0DC01EAAD01F0031A393 /* BezierKit.framework */; };
		FDE6CD8C1EC8F2F800FAB479 /* LineSegment.swift in Sources */ = {isa = PBXBuildFile; fileRef = FDE6CD8B1EC8F2F800FAB479 /* LineSegment.swift */; };
		FDE6CD8D1EC8F2F800FAB479 /* LineSegment.swift in Sources */ = {isa = PBXBuildFile; fileRef = FDE6CD8B1EC8F2F800FAB479 /* LineSegment.swift */; };
		FDE6CD8F1EC8F9BD00FAB479 /* LineSegmentTests.swift in Sources */ = {isa = PBXBuildFile; fileRef = FDE6CD8E1EC8F9BD00FAB479 /* LineSegmentTests.swift */; };
		FDE6CD901EC8F9BD00FAB479 /* LineSegmentTests.swift in Sources */ = {isa = PBXBuildFile; fileRef = FDE6CD8E1EC8F9BD00FAB479 /* LineSegmentTests.swift */; };
		FDE6CD921EC92EDF00FAB479 /* ArcApproximateable.swift in Sources */ = {isa = PBXBuildFile; fileRef = FDE6CD911EC92EDF00FAB479 /* ArcApproximateable.swift */; };
		FDE6CD931EC92EDF00FAB479 /* ArcApproximateable.swift in Sources */ = {isa = PBXBuildFile; fileRef = FDE6CD911EC92EDF00FAB479 /* ArcApproximateable.swift */; };
		FDEB70A11F36568B00539003 /* BezierKitTests.swift in Sources */ = {isa = PBXBuildFile; fileRef = FD0F55081DC43FFB0084CDCD /* BezierKitTests.swift */; };
		FDEB70A21F36568B00539003 /* BezierKitTests.swift in Sources */ = {isa = PBXBuildFile; fileRef = FD0F55081DC43FFB0084CDCD /* BezierKitTests.swift */; };
		FDEB70A41F3674CB00539003 /* ArcApproximateableTests.swift in Sources */ = {isa = PBXBuildFile; fileRef = FDEB70A31F3674CB00539003 /* ArcApproximateableTests.swift */; };
		FDEB70A51F3674CB00539003 /* ArcApproximateableTests.swift in Sources */ = {isa = PBXBuildFile; fileRef = FDEB70A31F3674CB00539003 /* ArcApproximateableTests.swift */; };
		FDF0664E1FFA0C9900123308 /* BezierCurveTests.swift in Sources */ = {isa = PBXBuildFile; fileRef = FDF0664D1FFA0C9900123308 /* BezierCurveTests.swift */; };
		FDF0664F1FFA0C9900123308 /* BezierCurveTests.swift in Sources */ = {isa = PBXBuildFile; fileRef = FDF0664D1FFA0C9900123308 /* BezierCurveTests.swift */; };
/* End PBXBuildFile section */

/* Begin PBXContainerItemProxy section */
		FD4A0E101EAC794B0031A393 /* PBXContainerItemProxy */ = {
			isa = PBXContainerItemProxy;
			containerPortal = FD0F54ED1DC43FFB0084CDCD /* Project object */;
			proxyType = 1;
			remoteGlobalIDString = FD4A0DBF1EAAD01F0031A393;
			remoteInfo = BezierKit_Mac;
		};
		FDB9D7361EB28CEB00413F0E /* PBXContainerItemProxy */ = {
			isa = PBXContainerItemProxy;
			containerPortal = FD0F54ED1DC43FFB0084CDCD /* Project object */;
			proxyType = 1;
			remoteGlobalIDString = FD26253A1EAC7B9A00C64652;
			remoteInfo = BezierKit_iOS;
		};
		FDB9D7451EB28D1900413F0E /* PBXContainerItemProxy */ = {
			isa = PBXContainerItemProxy;
			containerPortal = FD0F54ED1DC43FFB0084CDCD /* Project object */;
			proxyType = 1;
			remoteGlobalIDString = FD4A0DBF1EAAD01F0031A393;
			remoteInfo = BezierKit_Mac;
		};
/* End PBXContainerItemProxy section */

/* Begin PBXCopyFilesBuildPhase section */
		FD4A0E121EAC794B0031A393 /* Embed Frameworks */ = {
			isa = PBXCopyFilesBuildPhase;
			buildActionMask = 2147483647;
			dstPath = "";
			dstSubfolderSpec = 10;
			files = (
				FD4A0E0F1EAC794B0031A393 /* BezierKit.framework in Embed Frameworks */,
			);
			name = "Embed Frameworks";
			runOnlyForDeploymentPostprocessing = 0;
		};
/* End PBXCopyFilesBuildPhase section */

/* Begin PBXFileReference section */
		FD0F54F51DC43FFB0084CDCD /* MacDemos.app */ = {isa = PBXFileReference; explicitFileType = wrapper.application; includeInIndex = 0; path = MacDemos.app; sourceTree = BUILT_PRODUCTS_DIR; };
		FD0F55081DC43FFB0084CDCD /* BezierKitTests.swift */ = {isa = PBXFileReference; lastKnownFileType = sourcecode.swift; path = BezierKitTests.swift; sourceTree = "<group>"; };
		FD0F550A1DC43FFB0084CDCD /* Info.plist */ = {isa = PBXFileReference; lastKnownFileType = text.plist.xml; path = Info.plist; sourceTree = "<group>"; };
		FD26253B1EAC7B9A00C64652 /* BezierKit.framework */ = {isa = PBXFileReference; explicitFileType = wrapper.framework; includeInIndex = 0; path = BezierKit.framework; sourceTree = BUILT_PRODUCTS_DIR; };
		FD26253D1EAC7B9A00C64652 /* BezierKit_iOS.h */ = {isa = PBXFileReference; lastKnownFileType = sourcecode.c.h; path = BezierKit_iOS.h; sourceTree = "<group>"; };
		FD26253E1EAC7B9A00C64652 /* Info.plist */ = {isa = PBXFileReference; lastKnownFileType = text.plist.xml; path = Info.plist; sourceTree = "<group>"; };
		FD4A0DC01EAAD01F0031A393 /* BezierKit.framework */ = {isa = PBXFileReference; explicitFileType = wrapper.framework; includeInIndex = 0; path = BezierKit.framework; sourceTree = BUILT_PRODUCTS_DIR; };
		FD4A0DC21EAAD01F0031A393 /* BezierKit_Mac.h */ = {isa = PBXFileReference; lastKnownFileType = sourcecode.c.h; path = BezierKit_Mac.h; sourceTree = "<group>"; };
		FD4A0DC31EAAD01F0031A393 /* Info.plist */ = {isa = PBXFileReference; lastKnownFileType = text.plist.xml; path = Info.plist; sourceTree = "<group>"; };
		FDA727581ED5035300011871 /* CubicBezierCurveTests.swift */ = {isa = PBXFileReference; fileEncoding = 4; lastKnownFileType = sourcecode.swift; path = CubicBezierCurveTests.swift; sourceTree = "<group>"; };
		FDB6B3F71EAFD6DF00001C61 /* BezierCurve.swift */ = {isa = PBXFileReference; fileEncoding = 4; lastKnownFileType = sourcecode.swift; path = BezierCurve.swift; sourceTree = "<group>"; };
		FDB6B3F81EAFD6DF00001C61 /* CubicBezierCurve.swift */ = {isa = PBXFileReference; fileEncoding = 4; lastKnownFileType = sourcecode.swift; path = CubicBezierCurve.swift; sourceTree = "<group>"; };
		FDB6B3F91EAFD6DF00001C61 /* Draw.swift */ = {isa = PBXFileReference; fileEncoding = 4; lastKnownFileType = sourcecode.swift; path = Draw.swift; sourceTree = "<group>"; };
		FDB6B3FA1EAFD6DF00001C61 /* Foundation-Interop.swift */ = {isa = PBXFileReference; fileEncoding = 4; lastKnownFileType = sourcecode.swift; path = "Foundation-Interop.swift"; sourceTree = "<group>"; };
		FDB6B3FB1EAFD6DF00001C61 /* Normed.swift */ = {isa = PBXFileReference; fileEncoding = 4; lastKnownFileType = sourcecode.swift; path = Normed.swift; sourceTree = "<group>"; };
		FDB6B3FC1EAFD6DF00001C61 /* Point.swift */ = {isa = PBXFileReference; fileEncoding = 4; lastKnownFileType = sourcecode.swift; path = Point.swift; sourceTree = "<group>"; };
		FDB6B3FD1EAFD6DF00001C61 /* PolyBezier.swift */ = {isa = PBXFileReference; fileEncoding = 4; lastKnownFileType = sourcecode.swift; path = PolyBezier.swift; sourceTree = "<group>"; };
		FDB6B3FE1EAFD6DF00001C61 /* QuadraticBezierCurve.swift */ = {isa = PBXFileReference; fileEncoding = 4; lastKnownFileType = sourcecode.swift; path = QuadraticBezierCurve.swift; sourceTree = "<group>"; };
		FDB6B3FF1EAFD6DF00001C61 /* Types.swift */ = {isa = PBXFileReference; fileEncoding = 4; lastKnownFileType = sourcecode.swift; path = Types.swift; sourceTree = "<group>"; };
		FDB6B4001EAFD6DF00001C61 /* Utils.swift */ = {isa = PBXFileReference; fileEncoding = 4; lastKnownFileType = sourcecode.swift; path = Utils.swift; sourceTree = "<group>"; };
		FDB6B4011EAFD6DF00001C61 /* VectorSpace.swift */ = {isa = PBXFileReference; fileEncoding = 4; lastKnownFileType = sourcecode.swift; path = VectorSpace.swift; sourceTree = "<group>"; };
		FDB6B4191EAFD6E600001C61 /* AppDelegate.swift */ = {isa = PBXFileReference; fileEncoding = 4; lastKnownFileType = sourcecode.swift; path = AppDelegate.swift; sourceTree = "<group>"; };
		FDB6B41A1EAFD6E600001C61 /* Assets.xcassets */ = {isa = PBXFileReference; lastKnownFileType = folder.assetcatalog; path = Assets.xcassets; sourceTree = "<group>"; };
		FDB6B41C1EAFD6E600001C61 /* Base */ = {isa = PBXFileReference; lastKnownFileType = file.xib; name = Base; path = Base.lproj/MainMenu.xib; sourceTree = "<group>"; };
		FDB6B41D1EAFD6E600001C61 /* Demos.swift */ = {isa = PBXFileReference; fileEncoding = 4; lastKnownFileType = sourcecode.swift; path = Demos.swift; sourceTree = "<group>"; };
		FDB6B41E1EAFD6E600001C61 /* DemoView.swift */ = {isa = PBXFileReference; fileEncoding = 4; lastKnownFileType = sourcecode.swift; path = DemoView.swift; sourceTree = "<group>"; };
		FDB6B41F1EAFD6E600001C61 /* Draggable.swift */ = {isa = PBXFileReference; fileEncoding = 4; lastKnownFileType = sourcecode.swift; path = Draggable.swift; sourceTree = "<group>"; };
		FDB6B4201EAFD6E600001C61 /* Info.plist */ = {isa = PBXFileReference; fileEncoding = 4; lastKnownFileType = text.plist.xml; path = Info.plist; sourceTree = "<group>"; };
		FDB9D7301EB28CEB00413F0E /* BezierKit_iOSTests.xctest */ = {isa = PBXFileReference; explicitFileType = wrapper.cfbundle; includeInIndex = 0; path = BezierKit_iOSTests.xctest; sourceTree = BUILT_PRODUCTS_DIR; };
		FDB9D7321EB28CEB00413F0E /* BezierKit_iOSTests.swift */ = {isa = PBXFileReference; lastKnownFileType = sourcecode.swift; path = BezierKit_iOSTests.swift; sourceTree = "<group>"; };
		FDB9D7341EB28CEB00413F0E /* Info.plist */ = {isa = PBXFileReference; lastKnownFileType = text.plist.xml; path = Info.plist; sourceTree = "<group>"; };
		FDB9D73F1EB28D1900413F0E /* BezierKit_MacTests.xctest */ = {isa = PBXFileReference; explicitFileType = wrapper.cfbundle; includeInIndex = 0; path = BezierKit_MacTests.xctest; sourceTree = BUILT_PRODUCTS_DIR; };
		FDB9D7411EB28D1900413F0E /* BezierKit_MacTests.swift */ = {isa = PBXFileReference; lastKnownFileType = sourcecode.swift; path = BezierKit_MacTests.swift; sourceTree = "<group>"; };
		FDB9D7431EB28D1900413F0E /* Info.plist */ = {isa = PBXFileReference; lastKnownFileType = text.plist.xml; path = Info.plist; sourceTree = "<group>"; };
		FDE6CD8B1EC8F2F800FAB479 /* LineSegment.swift */ = {isa = PBXFileReference; fileEncoding = 4; lastKnownFileType = sourcecode.swift; path = LineSegment.swift; sourceTree = "<group>"; };
		FDE6CD8E1EC8F9BD00FAB479 /* LineSegmentTests.swift */ = {isa = PBXFileReference; fileEncoding = 4; lastKnownFileType = sourcecode.swift; path = LineSegmentTests.swift; sourceTree = "<group>"; };
		FDE6CD911EC92EDF00FAB479 /* ArcApproximateable.swift */ = {isa = PBXFileReference; fileEncoding = 4; lastKnownFileType = sourcecode.swift; path = ArcApproximateable.swift; sourceTree = "<group>"; };
		FDEB70A31F3674CB00539003 /* ArcApproximateableTests.swift */ = {isa = PBXFileReference; fileEncoding = 4; lastKnownFileType = sourcecode.swift; path = ArcApproximateableTests.swift; sourceTree = "<group>"; };
		FDF0664D1FFA0C9900123308 /* BezierCurveTests.swift */ = {isa = PBXFileReference; lastKnownFileType = sourcecode.swift; path = BezierCurveTests.swift; sourceTree = "<group>"; };
/* End PBXFileReference section */

/* Begin PBXFrameworksBuildPhase section */
		FD0F54F21DC43FFB0084CDCD /* Frameworks */ = {
			isa = PBXFrameworksBuildPhase;
			buildActionMask = 2147483647;
			files = (
				FD4A0E0E1EAC794B0031A393 /* BezierKit.framework in Frameworks */,
			);
			runOnlyForDeploymentPostprocessing = 0;
		};
		FD2625371EAC7B9A00C64652 /* Frameworks */ = {
			isa = PBXFrameworksBuildPhase;
			buildActionMask = 2147483647;
			files = (
			);
			runOnlyForDeploymentPostprocessing = 0;
		};
		FD4A0DBC1EAAD01F0031A393 /* Frameworks */ = {
			isa = PBXFrameworksBuildPhase;
			buildActionMask = 2147483647;
			files = (
			);
			runOnlyForDeploymentPostprocessing = 0;
		};
		FDB9D72D1EB28CEB00413F0E /* Frameworks */ = {
			isa = PBXFrameworksBuildPhase;
			buildActionMask = 2147483647;
			files = (
				FDB9D7351EB28CEB00413F0E /* BezierKit.framework in Frameworks */,
			);
			runOnlyForDeploymentPostprocessing = 0;
		};
		FDB9D73C1EB28D1900413F0E /* Frameworks */ = {
			isa = PBXFrameworksBuildPhase;
			buildActionMask = 2147483647;
			files = (
				FDB9D7441EB28D1900413F0E /* BezierKit.framework in Frameworks */,
			);
			runOnlyForDeploymentPostprocessing = 0;
		};
/* End PBXFrameworksBuildPhase section */

/* Begin PBXGroup section */
		FD0F54EC1DC43FFB0084CDCD = {
			isa = PBXGroup;
			children = (
				FDB6B4181EAFD6E600001C61 /* MacDemos */,
				FDB6B3F61EAFD6DF00001C61 /* Library */,
				FD0F55071DC43FFB0084CDCD /* BezierKitTests */,
				FD4A0DC11EAAD01F0031A393 /* BezierKit_Mac */,
				FD26253C1EAC7B9A00C64652 /* BezierKit_iOS */,
				FDB9D7311EB28CEB00413F0E /* BezierKit_iOSTests */,
				FDB9D7401EB28D1900413F0E /* BezierKit_MacTests */,
				FD0F54F61DC43FFB0084CDCD /* Products */,
			);
			sourceTree = "<group>";
		};
		FD0F54F61DC43FFB0084CDCD /* Products */ = {
			isa = PBXGroup;
			children = (
				FD0F54F51DC43FFB0084CDCD /* MacDemos.app */,
				FD4A0DC01EAAD01F0031A393 /* BezierKit.framework */,
				FD26253B1EAC7B9A00C64652 /* BezierKit.framework */,
				FDB9D7301EB28CEB00413F0E /* BezierKit_iOSTests.xctest */,
				FDB9D73F1EB28D1900413F0E /* BezierKit_MacTests.xctest */,
			);
			name = Products;
			sourceTree = "<group>";
		};
		FD0F55071DC43FFB0084CDCD /* BezierKitTests */ = {
			isa = PBXGroup;
			children = (
				FD0F55081DC43FFB0084CDCD /* BezierKitTests.swift */,
				FD0F550A1DC43FFB0084CDCD /* Info.plist */,
				FDF0664D1FFA0C9900123308 /* BezierCurveTests.swift */,
				FDE6CD8E1EC8F9BD00FAB479 /* LineSegmentTests.swift */,
				FDA727581ED5035300011871 /* CubicBezierCurveTests.swift */,
				FDEB70A31F3674CB00539003 /* ArcApproximateableTests.swift */,
			);
			path = BezierKitTests;
			sourceTree = "<group>";
		};
		FD26253C1EAC7B9A00C64652 /* BezierKit_iOS */ = {
			isa = PBXGroup;
			children = (
				FD26253D1EAC7B9A00C64652 /* BezierKit_iOS.h */,
				FD26253E1EAC7B9A00C64652 /* Info.plist */,
			);
			path = BezierKit_iOS;
			sourceTree = "<group>";
		};
		FD4A0DC11EAAD01F0031A393 /* BezierKit_Mac */ = {
			isa = PBXGroup;
			children = (
				FD4A0DC21EAAD01F0031A393 /* BezierKit_Mac.h */,
				FD4A0DC31EAAD01F0031A393 /* Info.plist */,
			);
			path = BezierKit_Mac;
			sourceTree = "<group>";
		};
		FDB6B3F61EAFD6DF00001C61 /* Library */ = {
			isa = PBXGroup;
			children = (
				FDB6B3F71EAFD6DF00001C61 /* BezierCurve.swift */,
				FDB6B3FE1EAFD6DF00001C61 /* QuadraticBezierCurve.swift */,
				FDB6B3F81EAFD6DF00001C61 /* CubicBezierCurve.swift */,
				FDE6CD8B1EC8F2F800FAB479 /* LineSegment.swift */,
				FDE6CD911EC92EDF00FAB479 /* ArcApproximateable.swift */,
				FDB6B3F91EAFD6DF00001C61 /* Draw.swift */,
				FDB6B3FA1EAFD6DF00001C61 /* Foundation-Interop.swift */,
				FDB6B3FB1EAFD6DF00001C61 /* Normed.swift */,
				FDB6B3FC1EAFD6DF00001C61 /* Point.swift */,
				FDB6B3FD1EAFD6DF00001C61 /* PolyBezier.swift */,
				FDB6B3FF1EAFD6DF00001C61 /* Types.swift */,
				FDB6B4001EAFD6DF00001C61 /* Utils.swift */,
				FDB6B4011EAFD6DF00001C61 /* VectorSpace.swift */,
			);
			path = Library;
			sourceTree = "<group>";
		};
		FDB6B4181EAFD6E600001C61 /* MacDemos */ = {
			isa = PBXGroup;
			children = (
				FDB6B4191EAFD6E600001C61 /* AppDelegate.swift */,
				FDB6B41A1EAFD6E600001C61 /* Assets.xcassets */,
				FDB6B41B1EAFD6E600001C61 /* MainMenu.xib */,
				FDB6B41D1EAFD6E600001C61 /* Demos.swift */,
				FDB6B41E1EAFD6E600001C61 /* DemoView.swift */,
				FDB6B41F1EAFD6E600001C61 /* Draggable.swift */,
				FDB6B4201EAFD6E600001C61 /* Info.plist */,
			);
			path = MacDemos;
			sourceTree = "<group>";
		};
		FDB9D7311EB28CEB00413F0E /* BezierKit_iOSTests */ = {
			isa = PBXGroup;
			children = (
				FDB9D7321EB28CEB00413F0E /* BezierKit_iOSTests.swift */,
				FDB9D7341EB28CEB00413F0E /* Info.plist */,
			);
			path = BezierKit_iOSTests;
			sourceTree = "<group>";
		};
		FDB9D7401EB28D1900413F0E /* BezierKit_MacTests */ = {
			isa = PBXGroup;
			children = (
				FDB9D7411EB28D1900413F0E /* BezierKit_MacTests.swift */,
				FDB9D7431EB28D1900413F0E /* Info.plist */,
			);
			path = BezierKit_MacTests;
			sourceTree = "<group>";
		};
/* End PBXGroup section */

/* Begin PBXHeadersBuildPhase section */
		FD2625381EAC7B9A00C64652 /* Headers */ = {
			isa = PBXHeadersBuildPhase;
			buildActionMask = 2147483647;
			files = (
				FD26253F1EAC7B9A00C64652 /* BezierKit_iOS.h in Headers */,
			);
			runOnlyForDeploymentPostprocessing = 0;
		};
		FD4A0DBD1EAAD01F0031A393 /* Headers */ = {
			isa = PBXHeadersBuildPhase;
			buildActionMask = 2147483647;
			files = (
				FD4A0DC41EAAD01F0031A393 /* BezierKit_Mac.h in Headers */,
			);
			runOnlyForDeploymentPostprocessing = 0;
		};
/* End PBXHeadersBuildPhase section */

/* Begin PBXNativeTarget section */
		FD0F54F41DC43FFB0084CDCD /* MacDemos */ = {
			isa = PBXNativeTarget;
			buildConfigurationList = FD0F550D1DC43FFB0084CDCD /* Build configuration list for PBXNativeTarget "MacDemos" */;
			buildPhases = (
				FD0F54F11DC43FFB0084CDCD /* Sources */,
				FD0F54F21DC43FFB0084CDCD /* Frameworks */,
				FD0F54F31DC43FFB0084CDCD /* Resources */,
				FD4A0E121EAC794B0031A393 /* Embed Frameworks */,
			);
			buildRules = (
			);
			dependencies = (
				FD4A0E111EAC794B0031A393 /* PBXTargetDependency */,
			);
			name = MacDemos;
			productName = BezierKit;
			productReference = FD0F54F51DC43FFB0084CDCD /* MacDemos.app */;
			productType = "com.apple.product-type.application";
		};
		FD26253A1EAC7B9A00C64652 /* BezierKit_iOS */ = {
			isa = PBXNativeTarget;
			buildConfigurationList = FD2625401EAC7B9A00C64652 /* Build configuration list for PBXNativeTarget "BezierKit_iOS" */;
			buildPhases = (
				FD2625361EAC7B9A00C64652 /* Sources */,
				FD2625371EAC7B9A00C64652 /* Frameworks */,
				FD2625381EAC7B9A00C64652 /* Headers */,
				FD2625391EAC7B9A00C64652 /* Resources */,
			);
			buildRules = (
			);
			dependencies = (
			);
			name = BezierKit_iOS;
			productName = BezierKit_iOS;
			productReference = FD26253B1EAC7B9A00C64652 /* BezierKit.framework */;
			productType = "com.apple.product-type.framework";
		};
		FD4A0DBF1EAAD01F0031A393 /* BezierKit_Mac */ = {
			isa = PBXNativeTarget;
			buildConfigurationList = FD4A0DCB1EAAD01F0031A393 /* Build configuration list for PBXNativeTarget "BezierKit_Mac" */;
			buildPhases = (
				FD4A0DBB1EAAD01F0031A393 /* Sources */,
				FD4A0DBC1EAAD01F0031A393 /* Frameworks */,
				FD4A0DBD1EAAD01F0031A393 /* Headers */,
				FD4A0DBE1EAAD01F0031A393 /* Resources */,
			);
			buildRules = (
			);
			dependencies = (
			);
			name = BezierKit_Mac;
			productName = BezierKit_Mac;
			productReference = FD4A0DC01EAAD01F0031A393 /* BezierKit.framework */;
			productType = "com.apple.product-type.framework";
		};
		FDB9D72F1EB28CEB00413F0E /* BezierKit_iOSTests */ = {
			isa = PBXNativeTarget;
			buildConfigurationList = FDB9D7381EB28CEB00413F0E /* Build configuration list for PBXNativeTarget "BezierKit_iOSTests" */;
			buildPhases = (
				FDB9D72C1EB28CEB00413F0E /* Sources */,
				FDB9D72D1EB28CEB00413F0E /* Frameworks */,
				FDB9D72E1EB28CEB00413F0E /* Resources */,
			);
			buildRules = (
			);
			dependencies = (
				FDB9D7371EB28CEB00413F0E /* PBXTargetDependency */,
			);
			name = BezierKit_iOSTests;
			productName = BezierKit_iOSTests;
			productReference = FDB9D7301EB28CEB00413F0E /* BezierKit_iOSTests.xctest */;
			productType = "com.apple.product-type.bundle.unit-test";
		};
		FDB9D73E1EB28D1900413F0E /* BezierKit_MacTests */ = {
			isa = PBXNativeTarget;
			buildConfigurationList = FDB9D7471EB28D1900413F0E /* Build configuration list for PBXNativeTarget "BezierKit_MacTests" */;
			buildPhases = (
				FDB9D73B1EB28D1900413F0E /* Sources */,
				FDB9D73C1EB28D1900413F0E /* Frameworks */,
				FDB9D73D1EB28D1900413F0E /* Resources */,
			);
			buildRules = (
			);
			dependencies = (
				FDB9D7461EB28D1900413F0E /* PBXTargetDependency */,
			);
			name = BezierKit_MacTests;
			productName = BezierKit_MacTests;
			productReference = FDB9D73F1EB28D1900413F0E /* BezierKit_MacTests.xctest */;
			productType = "com.apple.product-type.bundle.unit-test";
		};
/* End PBXNativeTarget section */

/* Begin PBXProject section */
		FD0F54ED1DC43FFB0084CDCD /* Project object */ = {
			isa = PBXProject;
			attributes = {
				LastSwiftUpdateCheck = 0830;
				LastUpgradeCheck = 0900;
				ORGANIZATIONNAME = "Holmes Futrell";
				TargetAttributes = {
					FD0F54F41DC43FFB0084CDCD = {
						CreatedOnToolsVersion = 8.0;
						LastSwiftMigration = 0910;
						ProvisioningStyle = Automatic;
					};
					FD26253A1EAC7B9A00C64652 = {
						CreatedOnToolsVersion = 8.3.2;
						LastSwiftMigration = 0900;
						ProvisioningStyle = Automatic;
					};
					FD4A0DBF1EAAD01F0031A393 = {
						CreatedOnToolsVersion = 8.3.2;
						LastSwiftMigration = 0910;
						ProvisioningStyle = Automatic;
					};
					FDB9D72F1EB28CEB00413F0E = {
						CreatedOnToolsVersion = 8.3.2;
						LastSwiftMigration = 0900;
						ProvisioningStyle = Automatic;
					};
					FDB9D73E1EB28D1900413F0E = {
						CreatedOnToolsVersion = 8.3.2;
						LastSwiftMigration = 0900;
						ProvisioningStyle = Automatic;
					};
				};
			};
			buildConfigurationList = FD0F54F01DC43FFB0084CDCD /* Build configuration list for PBXProject "BezierKit" */;
			compatibilityVersion = "Xcode 3.2";
			developmentRegion = English;
			hasScannedForEncodings = 0;
			knownRegions = (
				en,
				Base,
			);
			mainGroup = FD0F54EC1DC43FFB0084CDCD;
			productRefGroup = FD0F54F61DC43FFB0084CDCD /* Products */;
			projectDirPath = "";
			projectRoot = "";
			targets = (
				FD0F54F41DC43FFB0084CDCD /* MacDemos */,
				FD4A0DBF1EAAD01F0031A393 /* BezierKit_Mac */,
				FD26253A1EAC7B9A00C64652 /* BezierKit_iOS */,
				FDB9D72F1EB28CEB00413F0E /* BezierKit_iOSTests */,
				FDB9D73E1EB28D1900413F0E /* BezierKit_MacTests */,
			);
		};
/* End PBXProject section */

/* Begin PBXResourcesBuildPhase section */
		FD0F54F31DC43FFB0084CDCD /* Resources */ = {
			isa = PBXResourcesBuildPhase;
			buildActionMask = 2147483647;
			files = (
				FDB6B4301EAFD6F600001C61 /* Assets.xcassets in Resources */,
				FDB6B4311EAFD6F900001C61 /* MainMenu.xib in Resources */,
			);
			runOnlyForDeploymentPostprocessing = 0;
		};
		FD2625391EAC7B9A00C64652 /* Resources */ = {
			isa = PBXResourcesBuildPhase;
			buildActionMask = 2147483647;
			files = (
			);
			runOnlyForDeploymentPostprocessing = 0;
		};
		FD4A0DBE1EAAD01F0031A393 /* Resources */ = {
			isa = PBXResourcesBuildPhase;
			buildActionMask = 2147483647;
			files = (
			);
			runOnlyForDeploymentPostprocessing = 0;
		};
		FDB9D72E1EB28CEB00413F0E /* Resources */ = {
			isa = PBXResourcesBuildPhase;
			buildActionMask = 2147483647;
			files = (
			);
			runOnlyForDeploymentPostprocessing = 0;
		};
		FDB9D73D1EB28D1900413F0E /* Resources */ = {
			isa = PBXResourcesBuildPhase;
			buildActionMask = 2147483647;
			files = (
			);
			runOnlyForDeploymentPostprocessing = 0;
		};
/* End PBXResourcesBuildPhase section */

/* Begin PBXSourcesBuildPhase section */
		FD0F54F11DC43FFB0084CDCD /* Sources */ = {
			isa = PBXSourcesBuildPhase;
			buildActionMask = 2147483647;
			files = (
				FDB6B4321EAFD6FD00001C61 /* Demos.swift in Sources */,
				FDB6B4331EAFD6FF00001C61 /* DemoView.swift in Sources */,
				FDB6B42F1EAFD6F200001C61 /* AppDelegate.swift in Sources */,
				FDB6B4341EAFD70200001C61 /* Draggable.swift in Sources */,
			);
			runOnlyForDeploymentPostprocessing = 0;
		};
		FD2625361EAC7B9A00C64652 /* Sources */ = {
			isa = PBXSourcesBuildPhase;
			buildActionMask = 2147483647;
			files = (
				FDB6B40B1EAFD6DF00001C61 /* Normed.swift in Sources */,
				FDB6B4111EAFD6DF00001C61 /* QuadraticBezierCurve.swift in Sources */,
				FDB6B4091EAFD6DF00001C61 /* Foundation-Interop.swift in Sources */,
				FDB6B40D1EAFD6DF00001C61 /* Point.swift in Sources */,
				FDB6B40F1EAFD6DF00001C61 /* PolyBezier.swift in Sources */,
				FDB6B4151EAFD6DF00001C61 /* Utils.swift in Sources */,
				FDB6B4071EAFD6DF00001C61 /* Draw.swift in Sources */,
				FDB6B4131EAFD6DF00001C61 /* Types.swift in Sources */,
				FDB6B4031EAFD6DF00001C61 /* BezierCurve.swift in Sources */,
				FDE6CD931EC92EDF00FAB479 /* ArcApproximateable.swift in Sources */,
				FDB6B4171EAFD6DF00001C61 /* VectorSpace.swift in Sources */,
				FDB6B4051EAFD6DF00001C61 /* CubicBezierCurve.swift in Sources */,
				FDE6CD8D1EC8F2F800FAB479 /* LineSegment.swift in Sources */,
			);
			runOnlyForDeploymentPostprocessing = 0;
		};
		FD4A0DBB1EAAD01F0031A393 /* Sources */ = {
			isa = PBXSourcesBuildPhase;
			buildActionMask = 2147483647;
			files = (
				FDB6B40A1EAFD6DF00001C61 /* Normed.swift in Sources */,
				FDB6B4101EAFD6DF00001C61 /* QuadraticBezierCurve.swift in Sources */,
				FDB6B4081EAFD6DF00001C61 /* Foundation-Interop.swift in Sources */,
				FDB6B40C1EAFD6DF00001C61 /* Point.swift in Sources */,
				FDB6B40E1EAFD6DF00001C61 /* PolyBezier.swift in Sources */,
				FDB6B4141EAFD6DF00001C61 /* Utils.swift in Sources */,
				FDB6B4061EAFD6DF00001C61 /* Draw.swift in Sources */,
				FDB6B4121EAFD6DF00001C61 /* Types.swift in Sources */,
				FDB6B4021EAFD6DF00001C61 /* BezierCurve.swift in Sources */,
				FDE6CD921EC92EDF00FAB479 /* ArcApproximateable.swift in Sources */,
				FDB6B4161EAFD6DF00001C61 /* VectorSpace.swift in Sources */,
				FDB6B4041EAFD6DF00001C61 /* CubicBezierCurve.swift in Sources */,
				FDE6CD8C1EC8F2F800FAB479 /* LineSegment.swift in Sources */,
			);
			runOnlyForDeploymentPostprocessing = 0;
		};
		FDB9D72C1EB28CEB00413F0E /* Sources */ = {
			isa = PBXSourcesBuildPhase;
			buildActionMask = 2147483647;
			files = (
				FDF0664E1FFA0C9900123308 /* BezierCurveTests.swift in Sources */,
				FDEB70A41F3674CB00539003 /* ArcApproximateableTests.swift in Sources */,
				FDA727591ED5035300011871 /* CubicBezierCurveTests.swift in Sources */,
				FDB9D7331EB28CEB00413F0E /* BezierKit_iOSTests.swift in Sources */,
				FDE6CD8F1EC8F9BD00FAB479 /* LineSegmentTests.swift in Sources */,
				FDEB70A11F36568B00539003 /* BezierKitTests.swift in Sources */,
			);
			runOnlyForDeploymentPostprocessing = 0;
		};
		FDB9D73B1EB28D1900413F0E /* Sources */ = {
			isa = PBXSourcesBuildPhase;
			buildActionMask = 2147483647;
			files = (
				FDF0664F1FFA0C9900123308 /* BezierCurveTests.swift in Sources */,
				FDEB70A51F3674CB00539003 /* ArcApproximateableTests.swift in Sources */,
				FDA7275A1ED5035300011871 /* CubicBezierCurveTests.swift in Sources */,
				FDB9D7421EB28D1900413F0E /* BezierKit_MacTests.swift in Sources */,
				FDE6CD901EC8F9BD00FAB479 /* LineSegmentTests.swift in Sources */,
				FDEB70A21F36568B00539003 /* BezierKitTests.swift in Sources */,
			);
			runOnlyForDeploymentPostprocessing = 0;
		};
/* End PBXSourcesBuildPhase section */

/* Begin PBXTargetDependency section */
		FD4A0E111EAC794B0031A393 /* PBXTargetDependency */ = {
			isa = PBXTargetDependency;
			target = FD4A0DBF1EAAD01F0031A393 /* BezierKit_Mac */;
			targetProxy = FD4A0E101EAC794B0031A393 /* PBXContainerItemProxy */;
		};
		FDB9D7371EB28CEB00413F0E /* PBXTargetDependency */ = {
			isa = PBXTargetDependency;
			target = FD26253A1EAC7B9A00C64652 /* BezierKit_iOS */;
			targetProxy = FDB9D7361EB28CEB00413F0E /* PBXContainerItemProxy */;
		};
		FDB9D7461EB28D1900413F0E /* PBXTargetDependency */ = {
			isa = PBXTargetDependency;
			target = FD4A0DBF1EAAD01F0031A393 /* BezierKit_Mac */;
			targetProxy = FDB9D7451EB28D1900413F0E /* PBXContainerItemProxy */;
		};
/* End PBXTargetDependency section */

/* Begin PBXVariantGroup section */
		FDB6B41B1EAFD6E600001C61 /* MainMenu.xib */ = {
			isa = PBXVariantGroup;
			children = (
				FDB6B41C1EAFD6E600001C61 /* Base */,
			);
			name = MainMenu.xib;
			sourceTree = "<group>";
		};
/* End PBXVariantGroup section */

/* Begin XCBuildConfiguration section */
		FD0F550B1DC43FFB0084CDCD /* Debug */ = {
			isa = XCBuildConfiguration;
			buildSettings = {
				ALWAYS_SEARCH_USER_PATHS = NO;
				CLANG_ANALYZER_NONNULL = YES;
				CLANG_CXX_LANGUAGE_STANDARD = "gnu++0x";
				CLANG_CXX_LIBRARY = "libc++";
				CLANG_ENABLE_MODULES = YES;
				CLANG_ENABLE_OBJC_ARC = YES;
				CLANG_WARN_BLOCK_CAPTURE_AUTORELEASING = YES;
				CLANG_WARN_BOOL_CONVERSION = YES;
				CLANG_WARN_COMMA = YES;
				CLANG_WARN_CONSTANT_CONVERSION = YES;
				CLANG_WARN_DIRECT_OBJC_ISA_USAGE = YES_ERROR;
				CLANG_WARN_DOCUMENTATION_COMMENTS = YES;
				CLANG_WARN_EMPTY_BODY = YES;
				CLANG_WARN_ENUM_CONVERSION = YES;
				CLANG_WARN_INFINITE_RECURSION = YES;
				CLANG_WARN_INT_CONVERSION = YES;
				CLANG_WARN_NON_LITERAL_NULL_CONVERSION = YES;
				CLANG_WARN_OBJC_LITERAL_CONVERSION = YES;
				CLANG_WARN_OBJC_ROOT_CLASS = YES_ERROR;
				CLANG_WARN_RANGE_LOOP_ANALYSIS = YES;
				CLANG_WARN_STRICT_PROTOTYPES = YES;
				CLANG_WARN_SUSPICIOUS_MOVE = YES;
				CLANG_WARN_SUSPICIOUS_MOVES = YES;
				CLANG_WARN_UNREACHABLE_CODE = YES;
				CLANG_WARN__DUPLICATE_METHOD_MATCH = YES;
				CODE_SIGN_IDENTITY = "-";
				COPY_PHASE_STRIP = NO;
				DEBUG_INFORMATION_FORMAT = dwarf;
				ENABLE_STRICT_OBJC_MSGSEND = YES;
				ENABLE_TESTABILITY = YES;
				GCC_C_LANGUAGE_STANDARD = gnu99;
				GCC_DYNAMIC_NO_PIC = NO;
				GCC_NO_COMMON_BLOCKS = YES;
				GCC_OPTIMIZATION_LEVEL = 0;
				GCC_PREPROCESSOR_DEFINITIONS = (
					"DEBUG=1",
					"$(inherited)",
				);
				GCC_WARN_64_TO_32_BIT_CONVERSION = YES;
				GCC_WARN_ABOUT_RETURN_TYPE = YES_ERROR;
				GCC_WARN_UNDECLARED_SELECTOR = YES;
				GCC_WARN_UNINITIALIZED_AUTOS = YES_AGGRESSIVE;
				GCC_WARN_UNUSED_FUNCTION = YES;
				GCC_WARN_UNUSED_VARIABLE = YES;
				IPHONEOS_DEPLOYMENT_TARGET = 9.0;
				MACOSX_DEPLOYMENT_TARGET = 10.10;
				MTL_ENABLE_DEBUG_INFO = YES;
				ONLY_ACTIVE_ARCH = YES;
				SDKROOT = macosx;
				SWIFT_ACTIVE_COMPILATION_CONDITIONS = DEBUG;
				SWIFT_OPTIMIZATION_LEVEL = "-Onone";
				SWIFT_SWIFT3_OBJC_INFERENCE = Off;
			};
			name = Debug;
		};
		FD0F550C1DC43FFB0084CDCD /* Release */ = {
			isa = XCBuildConfiguration;
			buildSettings = {
				ALWAYS_SEARCH_USER_PATHS = NO;
				CLANG_ANALYZER_NONNULL = YES;
				CLANG_CXX_LANGUAGE_STANDARD = "gnu++0x";
				CLANG_CXX_LIBRARY = "libc++";
				CLANG_ENABLE_MODULES = YES;
				CLANG_ENABLE_OBJC_ARC = YES;
				CLANG_WARN_BLOCK_CAPTURE_AUTORELEASING = YES;
				CLANG_WARN_BOOL_CONVERSION = YES;
				CLANG_WARN_COMMA = YES;
				CLANG_WARN_CONSTANT_CONVERSION = YES;
				CLANG_WARN_DIRECT_OBJC_ISA_USAGE = YES_ERROR;
				CLANG_WARN_DOCUMENTATION_COMMENTS = YES;
				CLANG_WARN_EMPTY_BODY = YES;
				CLANG_WARN_ENUM_CONVERSION = YES;
				CLANG_WARN_INFINITE_RECURSION = YES;
				CLANG_WARN_INT_CONVERSION = YES;
				CLANG_WARN_NON_LITERAL_NULL_CONVERSION = YES;
				CLANG_WARN_OBJC_LITERAL_CONVERSION = YES;
				CLANG_WARN_OBJC_ROOT_CLASS = YES_ERROR;
				CLANG_WARN_RANGE_LOOP_ANALYSIS = YES;
				CLANG_WARN_STRICT_PROTOTYPES = YES;
				CLANG_WARN_SUSPICIOUS_MOVE = YES;
				CLANG_WARN_SUSPICIOUS_MOVES = YES;
				CLANG_WARN_UNREACHABLE_CODE = YES;
				CLANG_WARN__DUPLICATE_METHOD_MATCH = YES;
				CODE_SIGN_IDENTITY = "-";
				COPY_PHASE_STRIP = NO;
				DEBUG_INFORMATION_FORMAT = "dwarf-with-dsym";
				ENABLE_NS_ASSERTIONS = NO;
				ENABLE_STRICT_OBJC_MSGSEND = YES;
				GCC_C_LANGUAGE_STANDARD = gnu99;
				GCC_NO_COMMON_BLOCKS = YES;
				GCC_WARN_64_TO_32_BIT_CONVERSION = YES;
				GCC_WARN_ABOUT_RETURN_TYPE = YES_ERROR;
				GCC_WARN_UNDECLARED_SELECTOR = YES;
				GCC_WARN_UNINITIALIZED_AUTOS = YES_AGGRESSIVE;
				GCC_WARN_UNUSED_FUNCTION = YES;
				GCC_WARN_UNUSED_VARIABLE = YES;
				IPHONEOS_DEPLOYMENT_TARGET = 9.0;
				MACOSX_DEPLOYMENT_TARGET = 10.10;
				MTL_ENABLE_DEBUG_INFO = NO;
				SDKROOT = macosx;
				SWIFT_OPTIMIZATION_LEVEL = "-Owholemodule";
				SWIFT_SWIFT3_OBJC_INFERENCE = Off;
			};
			name = Release;
		};
		FD0F550E1DC43FFB0084CDCD /* Debug */ = {
			isa = XCBuildConfiguration;
			buildSettings = {
				ALWAYS_EMBED_SWIFT_STANDARD_LIBRARIES = YES;
				ASSETCATALOG_COMPILER_APPICON_NAME = AppIcon;
				COMBINE_HIDPI_IMAGES = YES;
				INFOPLIST_FILE = MacDemos/Info.plist;
				LD_RUNPATH_SEARCH_PATHS = "$(inherited) @executable_path/../Frameworks";
				PRODUCT_BUNDLE_IDENTIFIER = HolmesFutrell.BezierKitMacDemos;
				PRODUCT_NAME = "$(TARGET_NAME)";
				SWIFT_SWIFT3_OBJC_INFERENCE = Off;
				SWIFT_VERSION = 4.0;
			};
			name = Debug;
		};
		FD0F550F1DC43FFB0084CDCD /* Release */ = {
			isa = XCBuildConfiguration;
			buildSettings = {
				ALWAYS_EMBED_SWIFT_STANDARD_LIBRARIES = YES;
				ASSETCATALOG_COMPILER_APPICON_NAME = AppIcon;
				COMBINE_HIDPI_IMAGES = YES;
				INFOPLIST_FILE = MacDemos/Info.plist;
				LD_RUNPATH_SEARCH_PATHS = "$(inherited) @executable_path/../Frameworks";
				PRODUCT_BUNDLE_IDENTIFIER = HolmesFutrell.BezierKitMacDemos;
				PRODUCT_NAME = "$(TARGET_NAME)";
				SWIFT_SWIFT3_OBJC_INFERENCE = Off;
				SWIFT_VERSION = 4.0;
			};
			name = Release;
		};
		FD2625411EAC7B9A00C64652 /* Debug */ = {
			isa = XCBuildConfiguration;
			buildSettings = {
				CLANG_ANALYZER_NUMBER_OBJECT_CONVERSION = YES_AGGRESSIVE;
				CODE_SIGN_IDENTITY = "";
				"CODE_SIGN_IDENTITY[sdk=iphoneos*]" = "";
				CURRENT_PROJECT_VERSION = 1;
				DEFINES_MODULE = YES;
				DYLIB_COMPATIBILITY_VERSION = 1;
				DYLIB_CURRENT_VERSION = 1;
				DYLIB_INSTALL_NAME_BASE = "@rpath";
				INFOPLIST_FILE = BezierKit_iOS/Info.plist;
				INSTALL_PATH = "$(LOCAL_LIBRARY_DIR)/Frameworks";
				IPHONEOS_DEPLOYMENT_TARGET = 8.0;
				LD_RUNPATH_SEARCH_PATHS = "$(inherited) @executable_path/Frameworks @loader_path/Frameworks";
				PRODUCT_BUNDLE_IDENTIFIER = com.HolmesFutrell.BezierKit;
				PRODUCT_NAME = BezierKit;
				SDKROOT = iphoneos;
				SKIP_INSTALL = YES;
				SWIFT_SWIFT3_OBJC_INFERENCE = Default;
				SWIFT_VERSION = 4.0;
				TARGETED_DEVICE_FAMILY = "1,2";
				VERSIONING_SYSTEM = "apple-generic";
				VERSION_INFO_PREFIX = "";
			};
			name = Debug;
		};
		FD2625421EAC7B9A00C64652 /* Release */ = {
			isa = XCBuildConfiguration;
			buildSettings = {
				CLANG_ANALYZER_NUMBER_OBJECT_CONVERSION = YES_AGGRESSIVE;
				CODE_SIGN_IDENTITY = "";
				"CODE_SIGN_IDENTITY[sdk=iphoneos*]" = "";
				CURRENT_PROJECT_VERSION = 1;
				DEFINES_MODULE = YES;
				DYLIB_COMPATIBILITY_VERSION = 1;
				DYLIB_CURRENT_VERSION = 1;
				DYLIB_INSTALL_NAME_BASE = "@rpath";
				INFOPLIST_FILE = BezierKit_iOS/Info.plist;
				INSTALL_PATH = "$(LOCAL_LIBRARY_DIR)/Frameworks";
				IPHONEOS_DEPLOYMENT_TARGET = 8.0;
				LD_RUNPATH_SEARCH_PATHS = "$(inherited) @executable_path/Frameworks @loader_path/Frameworks";
				PRODUCT_BUNDLE_IDENTIFIER = com.HolmesFutrell.BezierKit;
				PRODUCT_NAME = BezierKit;
				SDKROOT = iphoneos;
				SKIP_INSTALL = YES;
				SWIFT_SWIFT3_OBJC_INFERENCE = Default;
				SWIFT_VERSION = 4.0;
				TARGETED_DEVICE_FAMILY = "1,2";
				VALIDATE_PRODUCT = YES;
				VERSIONING_SYSTEM = "apple-generic";
				VERSION_INFO_PREFIX = "";
			};
			name = Release;
		};
		FD4A0DC91EAAD01F0031A393 /* Debug */ = {
			isa = XCBuildConfiguration;
			buildSettings = {
				CLANG_ANALYZER_NUMBER_OBJECT_CONVERSION = YES_AGGRESSIVE;
				CODE_SIGN_IDENTITY = "";
				COMBINE_HIDPI_IMAGES = YES;
				CURRENT_PROJECT_VERSION = 1;
				DEFINES_MODULE = YES;
				DYLIB_COMPATIBILITY_VERSION = 1;
				DYLIB_CURRENT_VERSION = 1;
				DYLIB_INSTALL_NAME_BASE = "@rpath";
				FRAMEWORK_VERSION = A;
				INFOPLIST_FILE = BezierKit_Mac/Info.plist;
				INSTALL_PATH = "$(LOCAL_LIBRARY_DIR)/Frameworks";
				LD_RUNPATH_SEARCH_PATHS = "$(inherited) @executable_path/../Frameworks @loader_path/Frameworks";
				MACOSX_DEPLOYMENT_TARGET = 10.10;
				PRODUCT_BUNDLE_IDENTIFIER = com.HolmesFutrell.BezierKit;
				PRODUCT_NAME = BezierKit;
				SKIP_INSTALL = YES;
				SWIFT_SWIFT3_OBJC_INFERENCE = Off;
				SWIFT_VERSION = 4.0;
				VERSIONING_SYSTEM = "apple-generic";
				VERSION_INFO_PREFIX = "";
			};
			name = Debug;
		};
		FD4A0DCA1EAAD01F0031A393 /* Release */ = {
			isa = XCBuildConfiguration;
			buildSettings = {
				CLANG_ANALYZER_NUMBER_OBJECT_CONVERSION = YES_AGGRESSIVE;
				CODE_SIGN_IDENTITY = "";
				COMBINE_HIDPI_IMAGES = YES;
				CURRENT_PROJECT_VERSION = 1;
				DEFINES_MODULE = YES;
				DYLIB_COMPATIBILITY_VERSION = 1;
				DYLIB_CURRENT_VERSION = 1;
				DYLIB_INSTALL_NAME_BASE = "@rpath";
				FRAMEWORK_VERSION = A;
				INFOPLIST_FILE = BezierKit_Mac/Info.plist;
				INSTALL_PATH = "$(LOCAL_LIBRARY_DIR)/Frameworks";
				LD_RUNPATH_SEARCH_PATHS = "$(inherited) @executable_path/../Frameworks @loader_path/Frameworks";
				MACOSX_DEPLOYMENT_TARGET = 10.10;
				PRODUCT_BUNDLE_IDENTIFIER = com.HolmesFutrell.BezierKit;
				PRODUCT_NAME = BezierKit;
				SKIP_INSTALL = YES;
				SWIFT_SWIFT3_OBJC_INFERENCE = Off;
				SWIFT_VERSION = 4.0;
				VERSIONING_SYSTEM = "apple-generic";
				VERSION_INFO_PREFIX = "";
			};
			name = Release;
		};
		FDB9D7391EB28CEB00413F0E /* Debug */ = {
			isa = XCBuildConfiguration;
			buildSettings = {
				CLANG_ANALYZER_NUMBER_OBJECT_CONVERSION = YES_AGGRESSIVE;
				"CODE_SIGN_IDENTITY[sdk=iphoneos*]" = "iPhone Developer";
				INFOPLIST_FILE = BezierKit_iOSTests/Info.plist;
				IPHONEOS_DEPLOYMENT_TARGET = 10.3;
				LD_RUNPATH_SEARCH_PATHS = "$(inherited) @executable_path/Frameworks @loader_path/Frameworks";
				PRODUCT_BUNDLE_IDENTIFIER = "com.HolmesFutrell.BezierKit-iOSTests";
				PRODUCT_NAME = "$(TARGET_NAME)";
				SDKROOT = iphoneos;
				SWIFT_SWIFT3_OBJC_INFERENCE = Default;
				SWIFT_VERSION = 4.0;
			};
			name = Debug;
		};
		FDB9D73A1EB28CEB00413F0E /* Release */ = {
			isa = XCBuildConfiguration;
			buildSettings = {
				CLANG_ANALYZER_NUMBER_OBJECT_CONVERSION = YES_AGGRESSIVE;
				"CODE_SIGN_IDENTITY[sdk=iphoneos*]" = "iPhone Developer";
				INFOPLIST_FILE = BezierKit_iOSTests/Info.plist;
				IPHONEOS_DEPLOYMENT_TARGET = 10.3;
				LD_RUNPATH_SEARCH_PATHS = "$(inherited) @executable_path/Frameworks @loader_path/Frameworks";
				PRODUCT_BUNDLE_IDENTIFIER = "com.HolmesFutrell.BezierKit-iOSTests";
				PRODUCT_NAME = "$(TARGET_NAME)";
				SDKROOT = iphoneos;
				SWIFT_SWIFT3_OBJC_INFERENCE = Default;
				SWIFT_VERSION = 4.0;
				VALIDATE_PRODUCT = YES;
			};
			name = Release;
		};
		FDB9D7481EB28D1900413F0E /* Debug */ = {
			isa = XCBuildConfiguration;
			buildSettings = {
				CLANG_ANALYZER_NUMBER_OBJECT_CONVERSION = YES_AGGRESSIVE;
				COMBINE_HIDPI_IMAGES = YES;
				INFOPLIST_FILE = BezierKit_MacTests/Info.plist;
				LD_RUNPATH_SEARCH_PATHS = "$(inherited) @executable_path/../Frameworks @loader_path/../Frameworks";
				MACOSX_DEPLOYMENT_TARGET = 10.12;
				PRODUCT_BUNDLE_IDENTIFIER = "com.HolmesFutrell.BezierKit-MacTests";
				PRODUCT_NAME = "$(TARGET_NAME)";
				SWIFT_SWIFT3_OBJC_INFERENCE = Default;
				SWIFT_VERSION = 4.0;
			};
			name = Debug;
		};
		FDB9D7491EB28D1900413F0E /* Release */ = {
			isa = XCBuildConfiguration;
			buildSettings = {
				CLANG_ANALYZER_NUMBER_OBJECT_CONVERSION = YES_AGGRESSIVE;
				COMBINE_HIDPI_IMAGES = YES;
				INFOPLIST_FILE = BezierKit_MacTests/Info.plist;
				LD_RUNPATH_SEARCH_PATHS = "$(inherited) @executable_path/../Frameworks @loader_path/../Frameworks";
				MACOSX_DEPLOYMENT_TARGET = 10.12;
				PRODUCT_BUNDLE_IDENTIFIER = "com.HolmesFutrell.BezierKit-MacTests";
				PRODUCT_NAME = "$(TARGET_NAME)";
				SWIFT_SWIFT3_OBJC_INFERENCE = Default;
				SWIFT_VERSION = 4.0;
			};
			name = Release;
		};
/* End XCBuildConfiguration section */

/* Begin XCConfigurationList section */
		FD0F54F01DC43FFB0084CDCD /* Build configuration list for PBXProject "BezierKit" */ = {
			isa = XCConfigurationList;
			buildConfigurations = (
				FD0F550B1DC43FFB0084CDCD /* Debug */,
				FD0F550C1DC43FFB0084CDCD /* Release */,
			);
			defaultConfigurationIsVisible = 0;
			defaultConfigurationName = Release;
		};
		FD0F550D1DC43FFB0084CDCD /* Build configuration list for PBXNativeTarget "MacDemos" */ = {
			isa = XCConfigurationList;
			buildConfigurations = (
				FD0F550E1DC43FFB0084CDCD /* Debug */,
				FD0F550F1DC43FFB0084CDCD /* Release */,
			);
			defaultConfigurationIsVisible = 0;
			defaultConfigurationName = Release;
		};
		FD2625401EAC7B9A00C64652 /* Build configuration list for PBXNativeTarget "BezierKit_iOS" */ = {
			isa = XCConfigurationList;
			buildConfigurations = (
				FD2625411EAC7B9A00C64652 /* Debug */,
				FD2625421EAC7B9A00C64652 /* Release */,
			);
			defaultConfigurationIsVisible = 0;
			defaultConfigurationName = Release;
		};
		FD4A0DCB1EAAD01F0031A393 /* Build configuration list for PBXNativeTarget "BezierKit_Mac" */ = {
			isa = XCConfigurationList;
			buildConfigurations = (
				FD4A0DC91EAAD01F0031A393 /* Debug */,
				FD4A0DCA1EAAD01F0031A393 /* Release */,
			);
			defaultConfigurationIsVisible = 0;
			defaultConfigurationName = Release;
		};
		FDB9D7381EB28CEB00413F0E /* Build configuration list for PBXNativeTarget "BezierKit_iOSTests" */ = {
			isa = XCConfigurationList;
			buildConfigurations = (
				FDB9D7391EB28CEB00413F0E /* Debug */,
				FDB9D73A1EB28CEB00413F0E /* Release */,
			);
			defaultConfigurationIsVisible = 0;
			defaultConfigurationName = Release;
		};
		FDB9D7471EB28D1900413F0E /* Build configuration list for PBXNativeTarget "BezierKit_MacTests" */ = {
			isa = XCConfigurationList;
			buildConfigurations = (
				FDB9D7481EB28D1900413F0E /* Debug */,
				FDB9D7491EB28D1900413F0E /* Release */,
			);
			defaultConfigurationIsVisible = 0;
			defaultConfigurationName = Release;
		};
/* End XCConfigurationList section */
	};
	rootObject = FD0F54ED1DC43FFB0084CDCD /* Project object */;
}
