// !$*UTF8*$!
{
	archiveVersion = 1;
	classes = {
	};
	objectVersion = 46;
	objects = {

/* Begin PBXBuildFile section */
		FD0F54F91DC43FFB0084CDCD /* AppDelegate.swift in Sources */ = {isa = PBXBuildFile; fileRef = FD0F54F81DC43FFB0084CDCD /* AppDelegate.swift */; };
		FD0F54FB1DC43FFB0084CDCD /* Assets.xcassets in Resources */ = {isa = PBXBuildFile; fileRef = FD0F54FA1DC43FFB0084CDCD /* Assets.xcassets */; };
		FD0F54FE1DC43FFB0084CDCD /* MainMenu.xib in Resources */ = {isa = PBXBuildFile; fileRef = FD0F54FC1DC43FFB0084CDCD /* MainMenu.xib */; };
		FD0F55091DC43FFB0084CDCD /* BezierKitTests.swift in Sources */ = {isa = PBXBuildFile; fileRef = FD0F55081DC43FFB0084CDCD /* BezierKitTests.swift */; };
		FD5EC36B1DC5A5D70079982F /* Draw.swift in Sources */ = {isa = PBXBuildFile; fileRef = FD5EC36A1DC5A5D70079982F /* Draw.swift */; };
		FDD476611DC4422400A1FAF3 /* CubicBezier.swift in Sources */ = {isa = PBXBuildFile; fileRef = FDD476601DC4422400A1FAF3 /* CubicBezier.swift */; };
		FDD476631DC44EDB00A1FAF3 /* DemoView.swift in Sources */ = {isa = PBXBuildFile; fileRef = FDD476621DC44EDB00A1FAF3 /* DemoView.swift */; };
		FDD7ABF11DCC58A50059D787 /* Draggable.swift in Sources */ = {isa = PBXBuildFile; fileRef = FDD7ABF01DCC58A50059D787 /* Draggable.swift */; };
/* End PBXBuildFile section */

/* Begin PBXContainerItemProxy section */
		FD0F55051DC43FFB0084CDCD /* PBXContainerItemProxy */ = {
			isa = PBXContainerItemProxy;
			containerPortal = FD0F54ED1DC43FFB0084CDCD /* Project object */;
			proxyType = 1;
			remoteGlobalIDString = FD0F54F41DC43FFB0084CDCD;
			remoteInfo = BezierKit;
		};
/* End PBXContainerItemProxy section */

/* Begin PBXFileReference section */
		FD0F54F51DC43FFB0084CDCD /* BezierKit.app */ = {isa = PBXFileReference; explicitFileType = wrapper.application; includeInIndex = 0; path = BezierKit.app; sourceTree = BUILT_PRODUCTS_DIR; };
		FD0F54F81DC43FFB0084CDCD /* AppDelegate.swift */ = {isa = PBXFileReference; lastKnownFileType = sourcecode.swift; path = AppDelegate.swift; sourceTree = "<group>"; };
		FD0F54FA1DC43FFB0084CDCD /* Assets.xcassets */ = {isa = PBXFileReference; lastKnownFileType = folder.assetcatalog; path = Assets.xcassets; sourceTree = "<group>"; };
		FD0F54FD1DC43FFB0084CDCD /* Base */ = {isa = PBXFileReference; lastKnownFileType = file.xib; name = Base; path = Base.lproj/MainMenu.xib; sourceTree = "<group>"; };
		FD0F54FF1DC43FFB0084CDCD /* Info.plist */ = {isa = PBXFileReference; lastKnownFileType = text.plist.xml; path = Info.plist; sourceTree = "<group>"; };
		FD0F55041DC43FFB0084CDCD /* BezierKitTests.xctest */ = {isa = PBXFileReference; explicitFileType = wrapper.cfbundle; includeInIndex = 0; path = BezierKitTests.xctest; sourceTree = BUILT_PRODUCTS_DIR; };
		FD0F55081DC43FFB0084CDCD /* BezierKitTests.swift */ = {isa = PBXFileReference; lastKnownFileType = sourcecode.swift; path = BezierKitTests.swift; sourceTree = "<group>"; };
		FD0F550A1DC43FFB0084CDCD /* Info.plist */ = {isa = PBXFileReference; lastKnownFileType = text.plist.xml; path = Info.plist; sourceTree = "<group>"; };
		FD5EC36A1DC5A5D70079982F /* Draw.swift */ = {isa = PBXFileReference; fileEncoding = 4; lastKnownFileType = sourcecode.swift; path = Draw.swift; sourceTree = "<group>"; };
		FDD476601DC4422400A1FAF3 /* CubicBezier.swift */ = {isa = PBXFileReference; fileEncoding = 4; lastKnownFileType = sourcecode.swift; path = CubicBezier.swift; sourceTree = "<group>"; };
		FDD476621DC44EDB00A1FAF3 /* DemoView.swift */ = {isa = PBXFileReference; fileEncoding = 4; lastKnownFileType = sourcecode.swift; path = DemoView.swift; sourceTree = "<group>"; };
		FDD7ABF01DCC58A50059D787 /* Draggable.swift */ = {isa = PBXFileReference; fileEncoding = 4; lastKnownFileType = sourcecode.swift; path = Draggable.swift; sourceTree = "<group>"; };
/* End PBXFileReference section */

/* Begin PBXFrameworksBuildPhase section */
		FD0F54F21DC43FFB0084CDCD /* Frameworks */ = {
			isa = PBXFrameworksBuildPhase;
			buildActionMask = 2147483647;
			files = (
			);
			runOnlyForDeploymentPostprocessing = 0;
		};
		FD0F55011DC43FFB0084CDCD /* Frameworks */ = {
			isa = PBXFrameworksBuildPhase;
			buildActionMask = 2147483647;
			files = (
			);
			runOnlyForDeploymentPostprocessing = 0;
		};
/* End PBXFrameworksBuildPhase section */

/* Begin PBXGroup section */
		FD0F54EC1DC43FFB0084CDCD = {
			isa = PBXGroup;
			children = (
				FD0F54F71DC43FFB0084CDCD /* BezierKit */,
				FD0F55071DC43FFB0084CDCD /* BezierKitTests */,
				FD0F54F61DC43FFB0084CDCD /* Products */,
			);
			sourceTree = "<group>";
		};
		FD0F54F61DC43FFB0084CDCD /* Products */ = {
			isa = PBXGroup;
			children = (
				FD0F54F51DC43FFB0084CDCD /* BezierKit.app */,
				FD0F55041DC43FFB0084CDCD /* BezierKitTests.xctest */,
			);
			name = Products;
			sourceTree = "<group>";
		};
		FD0F54F71DC43FFB0084CDCD /* BezierKit */ = {
			isa = PBXGroup;
			children = (
				FD0F54F81DC43FFB0084CDCD /* AppDelegate.swift */,
				FDD476601DC4422400A1FAF3 /* CubicBezier.swift */,
				FDD476621DC44EDB00A1FAF3 /* DemoView.swift */,
				FDD7ABF01DCC58A50059D787 /* Draggable.swift */,
				FD5EC36A1DC5A5D70079982F /* Draw.swift */,
				FD0F54FA1DC43FFB0084CDCD /* Assets.xcassets */,
				FD0F54FC1DC43FFB0084CDCD /* MainMenu.xib */,
				FD0F54FF1DC43FFB0084CDCD /* Info.plist */,
			);
			path = BezierKit;
			sourceTree = "<group>";
		};
		FD0F55071DC43FFB0084CDCD /* BezierKitTests */ = {
			isa = PBXGroup;
			children = (
				FD0F55081DC43FFB0084CDCD /* BezierKitTests.swift */,
				FD0F550A1DC43FFB0084CDCD /* Info.plist */,
			);
			path = BezierKitTests;
			sourceTree = "<group>";
		};
/* End PBXGroup section */

/* Begin PBXNativeTarget section */
		FD0F54F41DC43FFB0084CDCD /* BezierKit */ = {
			isa = PBXNativeTarget;
			buildConfigurationList = FD0F550D1DC43FFB0084CDCD /* Build configuration list for PBXNativeTarget "BezierKit" */;
			buildPhases = (
				FD0F54F11DC43FFB0084CDCD /* Sources */,
				FD0F54F21DC43FFB0084CDCD /* Frameworks */,
				FD0F54F31DC43FFB0084CDCD /* Resources */,
			);
			buildRules = (
			);
			dependencies = (
			);
			name = BezierKit;
			productName = BezierKit;
			productReference = FD0F54F51DC43FFB0084CDCD /* BezierKit.app */;
			productType = "com.apple.product-type.application";
		};
		FD0F55031DC43FFB0084CDCD /* BezierKitTests */ = {
			isa = PBXNativeTarget;
			buildConfigurationList = FD0F55101DC43FFB0084CDCD /* Build configuration list for PBXNativeTarget "BezierKitTests" */;
			buildPhases = (
				FD0F55001DC43FFB0084CDCD /* Sources */,
				FD0F55011DC43FFB0084CDCD /* Frameworks */,
				FD0F55021DC43FFB0084CDCD /* Resources */,
			);
			buildRules = (
			);
			dependencies = (
				FD0F55061DC43FFB0084CDCD /* PBXTargetDependency */,
			);
			name = BezierKitTests;
			productName = BezierKitTests;
			productReference = FD0F55041DC43FFB0084CDCD /* BezierKitTests.xctest */;
			productType = "com.apple.product-type.bundle.unit-test";
		};
/* End PBXNativeTarget section */

/* Begin PBXProject section */
		FD0F54ED1DC43FFB0084CDCD /* Project object */ = {
			isa = PBXProject;
			attributes = {
				LastSwiftUpdateCheck = 0800;
				LastUpgradeCheck = 0800;
				ORGANIZATIONNAME = "Holmes Futrell";
				TargetAttributes = {
					FD0F54F41DC43FFB0084CDCD = {
						CreatedOnToolsVersion = 8.0;
						ProvisioningStyle = Automatic;
					};
					FD0F55031DC43FFB0084CDCD = {
						CreatedOnToolsVersion = 8.0;
						ProvisioningStyle = Automatic;
						TestTargetID = FD0F54F41DC43FFB0084CDCD;
					};
				};
			};
			buildConfigurationList = FD0F54F01DC43FFB0084CDCD /* Build configuration list for PBXProject "BezierKit" */;
			compatibilityVersion = "Xcode 3.2";
			developmentRegion = English;
			hasScannedForEncodings = 0;
			knownRegions = (
				en,
				Base,
			);
			mainGroup = FD0F54EC1DC43FFB0084CDCD;
			productRefGroup = FD0F54F61DC43FFB0084CDCD /* Products */;
			projectDirPath = "";
			projectRoot = "";
			targets = (
				FD0F54F41DC43FFB0084CDCD /* BezierKit */,
				FD0F55031DC43FFB0084CDCD /* BezierKitTests */,
			);
		};
/* End PBXProject section */

/* Begin PBXResourcesBuildPhase section */
		FD0F54F31DC43FFB0084CDCD /* Resources */ = {
			isa = PBXResourcesBuildPhase;
			buildActionMask = 2147483647;
			files = (
				FD0F54FB1DC43FFB0084CDCD /* Assets.xcassets in Resources */,
				FD0F54FE1DC43FFB0084CDCD /* MainMenu.xib in Resources */,
			);
			runOnlyForDeploymentPostprocessing = 0;
		};
		FD0F55021DC43FFB0084CDCD /* Resources */ = {
			isa = PBXResourcesBuildPhase;
			buildActionMask = 2147483647;
			files = (
			);
			runOnlyForDeploymentPostprocessing = 0;
		};
/* End PBXResourcesBuildPhase section */

/* Begin PBXSourcesBuildPhase section */
		FD0F54F11DC43FFB0084CDCD /* Sources */ = {
			isa = PBXSourcesBuildPhase;
			buildActionMask = 2147483647;
			files = (
				FD0F54F91DC43FFB0084CDCD /* AppDelegate.swift in Sources */,
				FDD476631DC44EDB00A1FAF3 /* DemoView.swift in Sources */,
				FDD7ABF11DCC58A50059D787 /* Draggable.swift in Sources */,
				FDD476611DC4422400A1FAF3 /* CubicBezier.swift in Sources */,
				FD5EC36B1DC5A5D70079982F /* Draw.swift in Sources */,
			);
			runOnlyForDeploymentPostprocessing = 0;
		};
		FD0F55001DC43FFB0084CDCD /* Sources */ = {
			isa = PBXSourcesBuildPhase;
			buildActionMask = 2147483647;
			files = (
				FD0F55091DC43FFB0084CDCD /* BezierKitTests.swift in Sources */,
			);
			runOnlyForDeploymentPostprocessing = 0;
		};
/* End PBXSourcesBuildPhase section */

/* Begin PBXTargetDependency section */
		FD0F55061DC43FFB0084CDCD /* PBXTargetDependency */ = {
			isa = PBXTargetDependency;
			target = FD0F54F41DC43FFB0084CDCD /* BezierKit */;
			targetProxy = FD0F55051DC43FFB0084CDCD /* PBXContainerItemProxy */;
		};
/* End PBXTargetDependency section */

/* Begin PBXVariantGroup section */
		FD0F54FC1DC43FFB0084CDCD /* MainMenu.xib */ = {
			isa = PBXVariantGroup;
			children = (
				FD0F54FD1DC43FFB0084CDCD /* Base */,
			);
			name = MainMenu.xib;
			sourceTree = "<group>";
		};
/* End PBXVariantGroup section */

/* Begin XCBuildConfiguration section */
		FD0F550B1DC43FFB0084CDCD /* Debug */ = {
			isa = XCBuildConfiguration;
			buildSettings = {
				ALWAYS_SEARCH_USER_PATHS = NO;
				CLANG_ANALYZER_NONNULL = YES;
				CLANG_CXX_LANGUAGE_STANDARD = "gnu++0x";
				CLANG_CXX_LIBRARY = "libc++";
				CLANG_ENABLE_MODULES = YES;
				CLANG_ENABLE_OBJC_ARC = YES;
				CLANG_WARN_BOOL_CONVERSION = YES;
				CLANG_WARN_CONSTANT_CONVERSION = YES;
				CLANG_WARN_DIRECT_OBJC_ISA_USAGE = YES_ERROR;
				CLANG_WARN_DOCUMENTATION_COMMENTS = YES;
				CLANG_WARN_EMPTY_BODY = YES;
				CLANG_WARN_ENUM_CONVERSION = YES;
				CLANG_WARN_INFINITE_RECURSION = YES;
				CLANG_WARN_INT_CONVERSION = YES;
				CLANG_WARN_OBJC_ROOT_CLASS = YES_ERROR;
				CLANG_WARN_SUSPICIOUS_MOVES = YES;
				CLANG_WARN_UNREACHABLE_CODE = YES;
				CLANG_WARN__DUPLICATE_METHOD_MATCH = YES;
				CODE_SIGN_IDENTITY = "-";
				COPY_PHASE_STRIP = NO;
				DEBUG_INFORMATION_FORMAT = dwarf;
				ENABLE_STRICT_OBJC_MSGSEND = YES;
				ENABLE_TESTABILITY = YES;
				GCC_C_LANGUAGE_STANDARD = gnu99;
				GCC_DYNAMIC_NO_PIC = NO;
				GCC_NO_COMMON_BLOCKS = YES;
				GCC_OPTIMIZATION_LEVEL = 0;
				GCC_PREPROCESSOR_DEFINITIONS = (
					"DEBUG=1",
					"$(inherited)",
				);
				GCC_WARN_64_TO_32_BIT_CONVERSION = YES;
				GCC_WARN_ABOUT_RETURN_TYPE = YES_ERROR;
				GCC_WARN_UNDECLARED_SELECTOR = YES;
				GCC_WARN_UNINITIALIZED_AUTOS = YES_AGGRESSIVE;
				GCC_WARN_UNUSED_FUNCTION = YES;
				GCC_WARN_UNUSED_VARIABLE = YES;
				MACOSX_DEPLOYMENT_TARGET = 10.12;
				MTL_ENABLE_DEBUG_INFO = YES;
				ONLY_ACTIVE_ARCH = YES;
				SDKROOT = macosx;
				SWIFT_ACTIVE_COMPILATION_CONDITIONS = DEBUG;
				SWIFT_OPTIMIZATION_LEVEL = "-Onone";
			};
			name = Debug;
		};
		FD0F550C1DC43FFB0084CDCD /* Release */ = {
			isa = XCBuildConfiguration;
			buildSettings = {
				ALWAYS_SEARCH_USER_PATHS = NO;
				CLANG_ANALYZER_NONNULL = YES;
				CLANG_CXX_LANGUAGE_STANDARD = "gnu++0x";
				CLANG_CXX_LIBRARY = "libc++";
				CLANG_ENABLE_MODULES = YES;
				CLANG_ENABLE_OBJC_ARC = YES;
				CLANG_WARN_BOOL_CONVERSION = YES;
				CLANG_WARN_CONSTANT_CONVERSION = YES;
				CLANG_WARN_DIRECT_OBJC_ISA_USAGE = YES_ERROR;
				CLANG_WARN_DOCUMENTATION_COMMENTS = YES;
				CLANG_WARN_EMPTY_BODY = YES;
				CLANG_WARN_ENUM_CONVERSION = YES;
				CLANG_WARN_INFINITE_RECURSION = YES;
				CLANG_WARN_INT_CONVERSION = YES;
				CLANG_WARN_OBJC_ROOT_CLASS = YES_ERROR;
				CLANG_WARN_SUSPICIOUS_MOVES = YES;
				CLANG_WARN_UNREACHABLE_CODE = YES;
				CLANG_WARN__DUPLICATE_METHOD_MATCH = YES;
				CODE_SIGN_IDENTITY = "-";
				COPY_PHASE_STRIP = NO;
				DEBUG_INFORMATION_FORMAT = "dwarf-with-dsym";
				ENABLE_NS_ASSERTIONS = NO;
				ENABLE_STRICT_OBJC_MSGSEND = YES;
				GCC_C_LANGUAGE_STANDARD = gnu99;
				GCC_NO_COMMON_BLOCKS = YES;
				GCC_WARN_64_TO_32_BIT_CONVERSION = YES;
				GCC_WARN_ABOUT_RETURN_TYPE = YES_ERROR;
				GCC_WARN_UNDECLARED_SELECTOR = YES;
				GCC_WARN_UNINITIALIZED_AUTOS = YES_AGGRESSIVE;
				GCC_WARN_UNUSED_FUNCTION = YES;
				GCC_WARN_UNUSED_VARIABLE = YES;
				MACOSX_DEPLOYMENT_TARGET = 10.12;
				MTL_ENABLE_DEBUG_INFO = NO;
				SDKROOT = macosx;
				SWIFT_OPTIMIZATION_LEVEL = "-Owholemodule";
			};
			name = Release;
		};
		FD0F550E1DC43FFB0084CDCD /* Debug */ = {
			isa = XCBuildConfiguration;
			buildSettings = {
				ASSETCATALOG_COMPILER_APPICON_NAME = AppIcon;
				COMBINE_HIDPI_IMAGES = YES;
				INFOPLIST_FILE = BezierKit/Info.plist;
				LD_RUNPATH_SEARCH_PATHS = "$(inherited) @executable_path/../Frameworks";
				PRODUCT_BUNDLE_IDENTIFIER = HolmesFutrell.BezierKit;
				PRODUCT_NAME = "$(TARGET_NAME)";
				SWIFT_VERSION = 3.0;
			};
			name = Debug;
		};
		FD0F550F1DC43FFB0084CDCD /* Release */ = {
			isa = XCBuildConfiguration;
			buildSettings = {
				ASSETCATALOG_COMPILER_APPICON_NAME = AppIcon;
				COMBINE_HIDPI_IMAGES = YES;
				INFOPLIST_FILE = BezierKit/Info.plist;
				LD_RUNPATH_SEARCH_PATHS = "$(inherited) @executable_path/../Frameworks";
				PRODUCT_BUNDLE_IDENTIFIER = HolmesFutrell.BezierKit;
				PRODUCT_NAME = "$(TARGET_NAME)";
				SWIFT_VERSION = 3.0;
			};
			name = Release;
		};
		FD0F55111DC43FFB0084CDCD /* Debug */ = {
			isa = XCBuildConfiguration;
			buildSettings = {
				ALWAYS_EMBED_SWIFT_STANDARD_LIBRARIES = YES;
				BUNDLE_LOADER = "$(TEST_HOST)";
				COMBINE_HIDPI_IMAGES = YES;
				INFOPLIST_FILE = BezierKitTests/Info.plist;
				LD_RUNPATH_SEARCH_PATHS = "$(inherited) @executable_path/../Frameworks @loader_path/../Frameworks";
				PRODUCT_BUNDLE_IDENTIFIER = HolmesFutrell.BezierKitTests;
				PRODUCT_NAME = "$(TARGET_NAME)";
				SWIFT_VERSION = 3.0;
				TEST_HOST = "$(BUILT_PRODUCTS_DIR)/BezierKit.app/Contents/MacOS/BezierKit";
			};
			name = Debug;
		};
		FD0F55121DC43FFB0084CDCD /* Release */ = {
			isa = XCBuildConfiguration;
			buildSettings = {
				ALWAYS_EMBED_SWIFT_STANDARD_LIBRARIES = YES;
				BUNDLE_LOADER = "$(TEST_HOST)";
				COMBINE_HIDPI_IMAGES = YES;
				INFOPLIST_FILE = BezierKitTests/Info.plist;
				LD_RUNPATH_SEARCH_PATHS = "$(inherited) @executable_path/../Frameworks @loader_path/../Frameworks";
				PRODUCT_BUNDLE_IDENTIFIER = HolmesFutrell.BezierKitTests;
				PRODUCT_NAME = "$(TARGET_NAME)";
				SWIFT_VERSION = 3.0;
				TEST_HOST = "$(BUILT_PRODUCTS_DIR)/BezierKit.app/Contents/MacOS/BezierKit";
			};
			name = Release;
		};
/* End XCBuildConfiguration section */

/* Begin XCConfigurationList section */
		FD0F54F01DC43FFB0084CDCD /* Build configuration list for PBXProject "BezierKit" */ = {
			isa = XCConfigurationList;
			buildConfigurations = (
				FD0F550B1DC43FFB0084CDCD /* Debug */,
				FD0F550C1DC43FFB0084CDCD /* Release */,
			);
			defaultConfigurationIsVisible = 0;
			defaultConfigurationName = Release;
		};
		FD0F550D1DC43FFB0084CDCD /* Build configuration list for PBXNativeTarget "BezierKit" */ = {
			isa = XCConfigurationList;
			buildConfigurations = (
				FD0F550E1DC43FFB0084CDCD /* Debug */,
				FD0F550F1DC43FFB0084CDCD /* Release */,
			);
			defaultConfigurationIsVisible = 0;
			defaultConfigurationName = Release;
		};
		FD0F55101DC43FFB0084CDCD /* Build configuration list for PBXNativeTarget "BezierKitTests" */ = {
			isa = XCConfigurationList;
			buildConfigurations = (
				FD0F55111DC43FFB0084CDCD /* Debug */,
				FD0F55121DC43FFB0084CDCD /* Release */,
			);
			defaultConfigurationIsVisible = 0;
			defaultConfigurationName = Release;
		};
/* End XCConfigurationList section */
	};
	rootObject = FD0F54ED1DC43FFB0084CDCD /* Project object */;
}
